// !$*UTF8*$!
{
	archiveVersion = 1;
	classes = {
	};
	objectVersion = 50;
	objects = {

/* Begin PBXBuildFile section */
		B40FDA0726FA4D4400259210 /* AnimatedChartSwiftUIApp.swift in Sources */ = {isa = PBXBuildFile; fileRef = B40FDA0626FA4D4400259210 /* AnimatedChartSwiftUIApp.swift */; };
		B40FDA0926FA4D4400259210 /* PieChart.swift in Sources */ = {isa = PBXBuildFile; fileRef = B40FDA0826FA4D4400259210 /* PieChart.swift */; };
		B40FDA0B26FA4D4500259210 /* Assets.xcassets in Resources */ = {isa = PBXBuildFile; fileRef = B40FDA0A26FA4D4500259210 /* Assets.xcassets */; };
		B40FDA0E26FA4D4500259210 /* Preview Assets.xcassets in Resources */ = {isa = PBXBuildFile; fileRef = B40FDA0D26FA4D4500259210 /* Preview Assets.xcassets */; };
		B40FDA1626FA4DEE00259210 /* PieceOfPie.swift in Sources */ = {isa = PBXBuildFile; fileRef = B40FDA1526FA4DEE00259210 /* PieceOfPie.swift */; };
		B40FDA1826FA4EAC00259210 /* PieceOfPieContainer.swift in Sources */ = {isa = PBXBuildFile; fileRef = B40FDA1726FA4EAC00259210 /* PieceOfPieContainer.swift */; };
		B40FDA2026FA58A900259210 /* Screen3.png in Resources */ = {isa = PBXBuildFile; fileRef = B40FDA1C26FA58A800259210 /* Screen3.png */; };
		B40FDA2126FA58A900259210 /* Screen1.png in Resources */ = {isa = PBXBuildFile; fileRef = B40FDA1D26FA58A800259210 /* Screen1.png */; };
		B40FDA2226FA58A900259210 /* Screen2.png in Resources */ = {isa = PBXBuildFile; fileRef = B40FDA1E26FA58A800259210 /* Screen2.png */; };
		B40FDA2326FA58A900259210 /* Screen4.png in Resources */ = {isa = PBXBuildFile; fileRef = B40FDA1F26FA58A900259210 /* Screen4.png */; };
/* End PBXBuildFile section */

/* Begin PBXFileReference section */
		B40FDA0326FA4D4400259210 /* AnimatedChartSwiftUI.app */ = {isa = PBXFileReference; explicitFileType = wrapper.application; includeInIndex = 0; path = AnimatedChartSwiftUI.app; sourceTree = BUILT_PRODUCTS_DIR; };
		B40FDA0626FA4D4400259210 /* AnimatedChartSwiftUIApp.swift */ = {isa = PBXFileReference; lastKnownFileType = sourcecode.swift; path = AnimatedChartSwiftUIApp.swift; sourceTree = "<group>"; };
		B40FDA0826FA4D4400259210 /* PieChart.swift */ = {isa = PBXFileReference; lastKnownFileType = sourcecode.swift; path = PieChart.swift; sourceTree = "<group>"; };
		B40FDA0A26FA4D4500259210 /* Assets.xcassets */ = {isa = PBXFileReference; lastKnownFileType = folder.assetcatalog; path = Assets.xcassets; sourceTree = "<group>"; };
		B40FDA0D26FA4D4500259210 /* Preview Assets.xcassets */ = {isa = PBXFileReference; lastKnownFileType = folder.assetcatalog; path = "Preview Assets.xcassets"; sourceTree = "<group>"; };
		B40FDA0F26FA4D4500259210 /* Info.plist */ = {isa = PBXFileReference; lastKnownFileType = text.plist.xml; path = Info.plist; sourceTree = "<group>"; };
		B40FDA1526FA4DEE00259210 /* PieceOfPie.swift */ = {isa = PBXFileReference; lastKnownFileType = sourcecode.swift; path = PieceOfPie.swift; sourceTree = "<group>"; };
		B40FDA1726FA4EAC00259210 /* PieceOfPieContainer.swift */ = {isa = PBXFileReference; lastKnownFileType = sourcecode.swift; path = PieceOfPieContainer.swift; sourceTree = "<group>"; };
		B40FDA1C26FA58A800259210 /* Screen3.png */ = {isa = PBXFileReference; lastKnownFileType = image.png; path = Screen3.png; sourceTree = "<group>"; };
		B40FDA1D26FA58A800259210 /* Screen1.png */ = {isa = PBXFileReference; lastKnownFileType = image.png; path = Screen1.png; sourceTree = "<group>"; };
		B40FDA1E26FA58A800259210 /* Screen2.png */ = {isa = PBXFileReference; lastKnownFileType = image.png; path = Screen2.png; sourceTree = "<group>"; };
		B40FDA1F26FA58A900259210 /* Screen4.png */ = {isa = PBXFileReference; lastKnownFileType = image.png; path = Screen4.png; sourceTree = "<group>"; };
/* End PBXFileReference section */

/* Begin PBXFrameworksBuildPhase section */
		B40FDA0026FA4D4400259210 /* Frameworks */ = {
			isa = PBXFrameworksBuildPhase;
			buildActionMask = 2147483647;
			files = (
			);
			runOnlyForDeploymentPostprocessing = 0;
		};
/* End PBXFrameworksBuildPhase section */

/* Begin PBXGroup section */
		B40FD9FA26FA4D4400259210 = {
			isa = PBXGroup;
			children = (
				B40FDA0526FA4D4400259210 /* AnimatedChartSwiftUI */,
				B40FDA0426FA4D4400259210 /* Products */,
			);
			sourceTree = "<group>";
		};
		B40FDA0426FA4D4400259210 /* Products */ = {
			isa = PBXGroup;
			children = (
				B40FDA0326FA4D4400259210 /* AnimatedChartSwiftUI.app */,
			);
			name = Products;
			sourceTree = "<group>";
		};
		B40FDA0526FA4D4400259210 /* AnimatedChartSwiftUI */ = {
			isa = PBXGroup;
			children = (
				B40FDA1B26FA589100259210 /* Screen */,
				B40FDA0626FA4D4400259210 /* AnimatedChartSwiftUIApp.swift */,
				B40FDA0826FA4D4400259210 /* PieChart.swift */,
				B40FDA1526FA4DEE00259210 /* PieceOfPie.swift */,
				B40FDA1726FA4EAC00259210 /* PieceOfPieContainer.swift */,
				B40FDA0A26FA4D4500259210 /* Assets.xcassets */,
				B40FDA0F26FA4D4500259210 /* Info.plist */,
				B40FDA0C26FA4D4500259210 /* Preview Content */,
			);
			path = AnimatedChartSwiftUI;
			sourceTree = "<group>";
		};
		B40FDA0C26FA4D4500259210 /* Preview Content */ = {
			isa = PBXGroup;
			children = (
				B40FDA0D26FA4D4500259210 /* Preview Assets.xcassets */,
			);
			path = "Preview Content";
			sourceTree = "<group>";
		};
		B40FDA1B26FA589100259210 /* Screen */ = {
			isa = PBXGroup;
			children = (
				B40FDA1D26FA58A800259210 /* Screen1.png */,
				B40FDA1E26FA58A800259210 /* Screen2.png */,
				B40FDA1C26FA58A800259210 /* Screen3.png */,
				B40FDA1F26FA58A900259210 /* Screen4.png */,
			);
			path = Screen;
			sourceTree = "<group>";
		};
/* End PBXGroup section */

/* Begin PBXNativeTarget section */
		B40FDA0226FA4D4400259210 /* AnimatedChartSwiftUI */ = {
			isa = PBXNativeTarget;
			buildConfigurationList = B40FDA1226FA4D4500259210 /* Build configuration list for PBXNativeTarget "AnimatedChartSwiftUI" */;
			buildPhases = (
				B40FD9FF26FA4D4400259210 /* Sources */,
				B40FDA0026FA4D4400259210 /* Frameworks */,
				B40FDA0126FA4D4400259210 /* Resources */,
			);
			buildRules = (
			);
			dependencies = (
			);
			name = AnimatedChartSwiftUI;
			productName = AnimatedChartSwiftUI;
			productReference = B40FDA0326FA4D4400259210 /* AnimatedChartSwiftUI.app */;
			productType = "com.apple.product-type.application";
		};
/* End PBXNativeTarget section */

/* Begin PBXProject section */
		B40FD9FB26FA4D4400259210 /* Project object */ = {
			isa = PBXProject;
			attributes = {
				LastSwiftUpdateCheck = 1250;
				LastUpgradeCheck = 1250;
				TargetAttributes = {
					B40FDA0226FA4D4400259210 = {
						CreatedOnToolsVersion = 12.5;
					};
				};
			};
			buildConfigurationList = B40FD9FE26FA4D4400259210 /* Build configuration list for PBXProject "AnimatedChartSwiftUI" */;
			compatibilityVersion = "Xcode 9.3";
			developmentRegion = en;
			hasScannedForEncodings = 0;
			knownRegions = (
				en,
				Base,
			);
			mainGroup = B40FD9FA26FA4D4400259210;
			productRefGroup = B40FDA0426FA4D4400259210 /* Products */;
			projectDirPath = "";
			projectRoot = "";
			targets = (
				B40FDA0226FA4D4400259210 /* AnimatedChartSwiftUI */,
			);
		};
/* End PBXProject section */

/* Begin PBXResourcesBuildPhase section */
		B40FDA0126FA4D4400259210 /* Resources */ = {
			isa = PBXResourcesBuildPhase;
			buildActionMask = 2147483647;
			files = (
				B40FDA0E26FA4D4500259210 /* Preview Assets.xcassets in Resources */,
				B40FDA2026FA58A900259210 /* Screen3.png in Resources */,
				B40FDA0B26FA4D4500259210 /* Assets.xcassets in Resources */,
				B40FDA2226FA58A900259210 /* Screen2.png in Resources */,
				B40FDA2326FA58A900259210 /* Screen4.png in Resources */,
				B40FDA2126FA58A900259210 /* Screen1.png in Resources */,
			);
			runOnlyForDeploymentPostprocessing = 0;
		};
/* End PBXResourcesBuildPhase section */

/* Begin PBXSourcesBuildPhase section */
		B40FD9FF26FA4D4400259210 /* Sources */ = {
			isa = PBXSourcesBuildPhase;
			buildActionMask = 2147483647;
			files = (
				B40FDA1826FA4EAC00259210 /* PieceOfPieContainer.swift in Sources */,
				B40FDA0926FA4D4400259210 /* PieChart.swift in Sources */,
				B40FDA1626FA4DEE00259210 /* PieceOfPie.swift in Sources */,
				B40FDA0726FA4D4400259210 /* AnimatedChartSwiftUIApp.swift in Sources */,
			);
			runOnlyForDeploymentPostprocessing = 0;
		};
/* End PBXSourcesBuildPhase section */

/* Begin XCBuildConfiguration section */
		B40FDA1026FA4D4500259210 /* Debug */ = {
			isa = XCBuildConfiguration;
			buildSettings = {
				ALWAYS_SEARCH_USER_PATHS = NO;
				CLANG_ANALYZER_NONNULL = YES;
				CLANG_ANALYZER_NUMBER_OBJECT_CONVERSION = YES_AGGRESSIVE;
				CLANG_CXX_LANGUAGE_STANDARD = "gnu++14";
				CLANG_CXX_LIBRARY = "libc++";
				CLANG_ENABLE_MODULES = YES;
				CLANG_ENABLE_OBJC_ARC = YES;
				CLANG_ENABLE_OBJC_WEAK = YES;
				CLANG_WARN_BLOCK_CAPTURE_AUTORELEASING = YES;
				CLANG_WARN_BOOL_CONVERSION = YES;
				CLANG_WARN_COMMA = YES;
				CLANG_WARN_CONSTANT_CONVERSION = YES;
				CLANG_WARN_DEPRECATED_OBJC_IMPLEMENTATIONS = YES;
				CLANG_WARN_DIRECT_OBJC_ISA_USAGE = YES_ERROR;
				CLANG_WARN_DOCUMENTATION_COMMENTS = YES;
				CLANG_WARN_EMPTY_BODY = YES;
				CLANG_WARN_ENUM_CONVERSION = YES;
				CLANG_WARN_INFINITE_RECURSION = YES;
				CLANG_WARN_INT_CONVERSION = YES;
				CLANG_WARN_NON_LITERAL_NULL_CONVERSION = YES;
				CLANG_WARN_OBJC_IMPLICIT_RETAIN_SELF = YES;
				CLANG_WARN_OBJC_LITERAL_CONVERSION = YES;
				CLANG_WARN_OBJC_ROOT_CLASS = YES_ERROR;
				CLANG_WARN_QUOTED_INCLUDE_IN_FRAMEWORK_HEADER = YES;
				CLANG_WARN_RANGE_LOOP_ANALYSIS = YES;
				CLANG_WARN_STRICT_PROTOTYPES = YES;
				CLANG_WARN_SUSPICIOUS_MOVE = YES;
				CLANG_WARN_UNGUARDED_AVAILABILITY = YES_AGGRESSIVE;
				CLANG_WARN_UNREACHABLE_CODE = YES;
				CLANG_WARN__DUPLICATE_METHOD_MATCH = YES;
				COPY_PHASE_STRIP = NO;
				DEBUG_INFORMATION_FORMAT = dwarf;
				ENABLE_STRICT_OBJC_MSGSEND = YES;
				ENABLE_TESTABILITY = YES;
				GCC_C_LANGUAGE_STANDARD = gnu11;
				GCC_DYNAMIC_NO_PIC = NO;
				GCC_NO_COMMON_BLOCKS = YES;
				GCC_OPTIMIZATION_LEVEL = 0;
				GCC_PREPROCESSOR_DEFINITIONS = (
					"DEBUG=1",
					"$(inherited)",
				);
				GCC_WARN_64_TO_32_BIT_CONVERSION = YES;
				GCC_WARN_ABOUT_RETURN_TYPE = YES_ERROR;
				GCC_WARN_UNDECLARED_SELECTOR = YES;
				GCC_WARN_UNINITIALIZED_AUTOS = YES_AGGRESSIVE;
				GCC_WARN_UNUSED_FUNCTION = YES;
				GCC_WARN_UNUSED_VARIABLE = YES;
				IPHONEOS_DEPLOYMENT_TARGET = 14.5;
				MTL_ENABLE_DEBUG_INFO = INCLUDE_SOURCE;
				MTL_FAST_MATH = YES;
				ONLY_ACTIVE_ARCH = YES;
				SDKROOT = iphoneos;
				SWIFT_ACTIVE_COMPILATION_CONDITIONS = DEBUG;
				SWIFT_OPTIMIZATION_LEVEL = "-Onone";
			};
			name = Debug;
		};
		B40FDA1126FA4D4500259210 /* Release */ = {
			isa = XCBuildConfiguration;
			buildSettings = {
				ALWAYS_SEARCH_USER_PATHS = NO;
				CLANG_ANALYZER_NONNULL = YES;
				CLANG_ANALYZER_NUMBER_OBJECT_CONVERSION = YES_AGGRESSIVE;
				CLANG_CXX_LANGUAGE_STANDARD = "gnu++14";
				CLANG_CXX_LIBRARY = "libc++";
				CLANG_ENABLE_MODULES = YES;
				CLANG_ENABLE_OBJC_ARC = YES;
				CLANG_ENABLE_OBJC_WEAK = YES;
				CLANG_WARN_BLOCK_CAPTURE_AUTORELEASING = YES;
				CLANG_WARN_BOOL_CONVERSION = YES;
				CLANG_WARN_COMMA = YES;
				CLANG_WARN_CONSTANT_CONVERSION = YES;
				CLANG_WARN_DEPRECATED_OBJC_IMPLEMENTATIONS = YES;
				CLANG_WARN_DIRECT_OBJC_ISA_USAGE = YES_ERROR;
				CLANG_WARN_DOCUMENTATION_COMMENTS = YES;
				CLANG_WARN_EMPTY_BODY = YES;
				CLANG_WARN_ENUM_CONVERSION = YES;
				CLANG_WARN_INFINITE_RECURSION = YES;
				CLANG_WARN_INT_CONVERSION = YES;
				CLANG_WARN_NON_LITERAL_NULL_CONVERSION = YES;
				CLANG_WARN_OBJC_IMPLICIT_RETAIN_SELF = YES;
				CLANG_WARN_OBJC_LITERAL_CONVERSION = YES;
				CLANG_WARN_OBJC_ROOT_CLASS = YES_ERROR;
				CLANG_WARN_QUOTED_INCLUDE_IN_FRAMEWORK_HEADER = YES;
				CLANG_WARN_RANGE_LOOP_ANALYSIS = YES;
				CLANG_WARN_STRICT_PROTOTYPES = YES;
				CLANG_WARN_SUSPICIOUS_MOVE = YES;
				CLANG_WARN_UNGUARDED_AVAILABILITY = YES_AGGRESSIVE;
				CLANG_WARN_UNREACHABLE_CODE = YES;
				CLANG_WARN__DUPLICATE_METHOD_MATCH = YES;
				COPY_PHASE_STRIP = NO;
				DEBUG_INFORMATION_FORMAT = "dwarf-with-dsym";
				ENABLE_NS_ASSERTIONS = NO;
				ENABLE_STRICT_OBJC_MSGSEND = YES;
				GCC_C_LANGUAGE_STANDARD = gnu11;
				GCC_NO_COMMON_BLOCKS = YES;
				GCC_WARN_64_TO_32_BIT_CONVERSION = YES;
				GCC_WARN_ABOUT_RETURN_TYPE = YES_ERROR;
				GCC_WARN_UNDECLARED_SELECTOR = YES;
				GCC_WARN_UNINITIALIZED_AUTOS = YES_AGGRESSIVE;
				GCC_WARN_UNUSED_FUNCTION = YES;
				GCC_WARN_UNUSED_VARIABLE = YES;
				IPHONEOS_DEPLOYMENT_TARGET = 14.5;
				MTL_ENABLE_DEBUG_INFO = NO;
				MTL_FAST_MATH = YES;
				SDKROOT = iphoneos;
				SWIFT_COMPILATION_MODE = wholemodule;
				SWIFT_OPTIMIZATION_LEVEL = "-O";
				VALIDATE_PRODUCT = YES;
			};
			name = Release;
		};
		B40FDA1326FA4D4500259210 /* Debug */ = {
			isa = XCBuildConfiguration;
			buildSettings = {
				ASSETCATALOG_COMPILER_APPICON_NAME = AppIcon;
				ASSETCATALOG_COMPILER_GLOBAL_ACCENT_COLOR_NAME = AccentColor;
				CODE_SIGN_STYLE = Automatic;
				DEVELOPMENT_ASSET_PATHS = "\"AnimatedChartSwiftUI/Preview Content\"";
				DEVELOPMENT_TEAM = XRTUKAGRTL;
				ENABLE_PREVIEWS = YES;
				INFOPLIST_FILE = AnimatedChartSwiftUI/Info.plist;
				IPHONEOS_DEPLOYMENT_TARGET = 14.0;
				LD_RUNPATH_SEARCH_PATHS = (
					"$(inherited)",
					"@executable_path/Frameworks",
				);
				PRODUCT_BUNDLE_IDENTIFIER = com.AlexanderSobolev.AnimatedChartSwiftUI;
				PRODUCT_NAME = "$(TARGET_NAME)";
				SWIFT_VERSION = 5.0;
				TARGETED_DEVICE_FAMILY = "1,2";
			};
			name = Debug;
		};
		B40FDA1426FA4D4500259210 /* Release */ = {
			isa = XCBuildConfiguration;
			buildSettings = {
				ASSETCATALOG_COMPILER_APPICON_NAME = AppIcon;
				ASSETCATALOG_COMPILER_GLOBAL_ACCENT_COLOR_NAME = AccentColor;
				CODE_SIGN_STYLE = Automatic;
				DEVELOPMENT_ASSET_PATHS = "\"AnimatedChartSwiftUI/Preview Content\"";
				DEVELOPMENT_TEAM = XRTUKAGRTL;
				ENABLE_PREVIEWS = YES;
				INFOPLIST_FILE = AnimatedChartSwiftUI/Info.plist;
				IPHONEOS_DEPLOYMENT_TARGET = 14.0;
				LD_RUNPATH_SEARCH_PATHS = (
					"$(inherited)",
					"@executable_path/Frameworks",
				);
				PRODUCT_BUNDLE_IDENTIFIER = com.AlexanderSobolev.AnimatedChartSwiftUI;
				PRODUCT_NAME = "$(TARGET_NAME)";
				SWIFT_VERSION = 5.0;
				TARGETED_DEVICE_FAMILY = "1,2";
			};
			name = Release;
		};
/* End XCBuildConfiguration section */

/* Begin XCConfigurationList section */
		B40FD9FE26FA4D4400259210 /* Build configuration list for PBXProject "AnimatedChartSwiftUI" */ = {
			isa = XCConfigurationList;
			buildConfigurations = (
				B40FDA1026FA4D4500259210 /* Debug */,
				B40FDA1126FA4D4500259210 /* Release */,
			);
			defaultConfigurationIsVisible = 0;
			defaultConfigurationName = Release;
		};
		B40FDA1226FA4D4500259210 /* Build configuration list for PBXNativeTarget "AnimatedChartSwiftUI" */ = {
			isa = XCConfigurationList;
			buildConfigurations = (
				B40FDA1326FA4D4500259210 /* Debug */,
				B40FDA1426FA4D4500259210 /* Release */,
			);
			defaultConfigurationIsVisible = 0;
			defaultConfigurationName = Release;
		};
/* End XCConfigurationList section */
	};
	rootObject = B40FD9FB26FA4D4400259210 /* Project object */;
}
